
Microsoft Visual Studio Solution File, Format Version 12.00
# Visual Studio Version 17
VisualStudioVersion = 17.0.31919.166
MinimumVisualStudioVersion = 10.0.40219.1
Project("{9A19103F-16F7-4668-BE54-9A1E7A4F7556}") = "Crossplay", "Crossplay.csproj", "{DEA9AF3D-B602-47A8-97A3-EDE8313122C8}"
EndProject
Global
	GlobalSection(SolutionConfigurationPlatforms) = preSolution
		Debug|Any CPU = Debug|Any CPU
		Debug|x64 = Debug|x64
		Release|Any CPU = Release|Any CPU
		Release|x64 = Release|x64
	EndGlobalSection
	GlobalSection(ProjectConfigurationPlatforms) = postSolution
		{DEA9AF3D-B602-47A8-97A3-EDE8313122C8}.Debug|Any CPU.ActiveCfg = Debug|Any CPU
		{DEA9AF3D-B602-47A8-97A3-EDE8313122C8}.Debug|Any CPU.Build.0 = Debug|Any CPU
		{DEA9AF3D-B602-47A8-97A3-EDE8313122C8}.Debug|x64.ActiveCfg = Debug|x64
		{DEA9AF3D-B602-47A8-97A3-EDE8313122C8}.Debug|x64.Build.0 = Debug|x64
		{DEA9AF3D-B602-47A8-97A3-EDE8313122C8}.Release|Any CPU.ActiveCfg = Release|Any CPU
		{DEA9AF3D-B602-47A8-97A3-EDE8313122C8}.Release|Any CPU.Build.0 = Release|Any CPU
		{DEA9AF3D-B602-47A8-97A3-EDE8313122C8}.Release|x64.ActiveCfg = Release|x64
		{DEA9AF3D-B602-47A8-97A3-EDE8313122C8}.Release|x64.Build.0 = Release|x64
	EndGlobalSection
	GlobalSection(SolutionProperties) = preSolution
		HideSolutionNode = FALSE
	EndGlobalSection
	GlobalSection(ExtensibilityGlobals) = postSolution
		SolutionGuid = {F1D8F9E5-CE82-4B04-9ED1-07C86767FAF4}
	EndGlobalSection
EndGlobal
